
Microsoft Visual Studio Solution File, Format Version 12.00
# Visual Studio 2012
Project("{FAE04EC0-301F-11D3-BF4B-00C04F79EFBC}") = "TeamWin.Propinquity.Web", "TeamWin.Propinquity.Web\TeamWin.Propinquity.Web.csproj", "{B4F9C525-5C56-440E-B4C2-972A33D7C8CD}"
EndProject
Project("{FAE04EC0-301F-11D3-BF4B-00C04F79EFBC}") = "TeamWin.Propinquity.Web.Test", "TeamWin.Propinquity.Web.Tests\TeamWin.Propinquity.Web.Test.csproj", "{D73A64A2-3B5C-4E53-BB89-840B495E977E}"
EndProject
Project("{2150E333-8FDC-42A3-9474-1A3956D46DE8}") = ".nuget", ".nuget", "{61E18DE0-3A6B-4348-9B8C-B3DC278AC5AC}"
	ProjectSection(SolutionItems) = preProject
		.nuget\NuGet.Config = .nuget\NuGet.Config
		.nuget\NuGet.exe = .nuget\NuGet.exe
		.nuget\NuGet.targets = .nuget\NuGet.targets
	EndProjectSection
EndProject
Global
	GlobalSection(SolutionConfigurationPlatforms) = preSolution
		Debug|Any CPU = Debug|Any CPU
		Release|Any CPU = Release|Any CPU
	EndGlobalSection
	GlobalSection(ProjectConfigurationPlatforms) = postSolution
		{B4F9C525-5C56-440E-B4C2-972A33D7C8CD}.Debug|Any CPU.ActiveCfg = Debug|Any CPU
		{B4F9C525-5C56-440E-B4C2-972A33D7C8CD}.Debug|Any CPU.Build.0 = Debug|Any CPU
		{B4F9C525-5C56-440E-B4C2-972A33D7C8CD}.Release|Any CPU.ActiveCfg = Release|Any CPU
		{B4F9C525-5C56-440E-B4C2-972A33D7C8CD}.Release|Any CPU.Build.0 = Release|Any CPU
		{D73A64A2-3B5C-4E53-BB89-840B495E977E}.Debug|Any CPU.ActiveCfg = Debug|Any CPU
		{D73A64A2-3B5C-4E53-BB89-840B495E977E}.Debug|Any CPU.Build.0 = Debug|Any CPU
		{D73A64A2-3B5C-4E53-BB89-840B495E977E}.Release|Any CPU.ActiveCfg = Release|Any CPU
		{D73A64A2-3B5C-4E53-BB89-840B495E977E}.Release|Any CPU.Build.0 = Release|Any CPU
	EndGlobalSection
	GlobalSection(SolutionProperties) = preSolution
		HideSolutionNode = FALSE
	EndGlobalSection
EndGlobal
